
Microsoft Visual Studio Solution File, Format Version 12.00
# Visual Studio Version 16
VisualStudioVersion = 16.0.31410.357
MinimumVisualStudioVersion = 10.0.40219.1
Project("{2150E333-8FDC-42A3-9474-1A3956D46DE8}") = "EniAlgo", "EniAlgo", "{3B86EB59-4B1C-4218-81AA-2EFBCB52A5EC}"
EndProject
Project("{2150E333-8FDC-42A3-9474-1A3956D46DE8}") = "Exemples", "Exemples", "{D574F350-2C96-4536-BAEF-6FA198DABB28}"
EndProject
Project("{2150E333-8FDC-42A3-9474-1A3956D46DE8}") = "Exercices", "Exercices", "{EA091FB7-DD11-48E6-BABA-CE9421A06B9E}"
EndProject
Project("{FAE04EC0-301F-11D3-BF4B-00C04F79EFBC}") = "Exo7_Echanger", "AlgoTraining\ENI_Algo\Exemples\Exo7_Echanger\Exo7_Echanger.csproj", "{8C55CB22-4CE8-4FE7-80A7-09CEB7BB5F67}"
EndProject
Project("{FAE04EC0-301F-11D3-BF4B-00C04F79EFBC}") = "Exo8_TVA", "AlgoTraining\ENI_Algo\Exercices\Exo8_TVA\Exo8_TVA.csproj", "{66A8801E-EF17-47BF-8441-ADC085AF64AB}"
EndProject
Project("{FAE04EC0-301F-11D3-BF4B-00C04F79EFBC}") = "Exo8_Reservoir", "AlgoTraining\ENI_Algo\Exemples\Exo8_Reservoir\Exo8_Reservoir.csproj", "{085ACF75-D110-4A60-87BB-8C75A44D00A3}"
EndProject
Project("{2150E333-8FDC-42A3-9474-1A3956D46DE8}") = "CodeWars", "CodeWars", "{26DA9FAF-657A-40C9-8711-3614AE57A4E3}"
EndProject
Project("{2150E333-8FDC-42A3-9474-1A3956D46DE8}") = "8kyu", "8kyu", "{0CBE92E9-5762-45F3-B6FB-F0CB20C9527B}"
EndProject
Project("{2150E333-8FDC-42A3-9474-1A3956D46DE8}") = "7kyu", "7kyu", "{E5C55B3F-4EBB-4247-8EC9-C64DDC51AF49}"
EndProject
Project("{2150E333-8FDC-42A3-9474-1A3956D46DE8}") = "6kyu", "6kyu", "{7B997C51-DFA6-4BE4-B5D9-541330EF4B3B}"
EndProject
Project("{FAE04EC0-301F-11D3-BF4B-00C04F79EFBC}") = "Can We Divide It", "AlgoTraining\CodeWars\8Kyu\Can We Divide It\Can We Divide It.csproj", "{499E0559-F165-438B-ABD8-07451272CB14}"
EndProject
Project("{FAE04EC0-301F-11D3-BF4B-00C04F79EFBC}") = "Count_the_divisors_of_a_number", "AlgoTraining\CodeWars\7kyu\Count_the_divisors_of_a_number\Count_the_divisors_of_a_number.csproj", "{43EC6A45-1B5C-4D8E-A43D-978F4A19665C}"
EndProject
Project("{FAE04EC0-301F-11D3-BF4B-00C04F79EFBC}") = "Difference_Volumes_of_Cuboids", "AlgoTraining\CodeWars\8Kyu\Difference_Volumes_of_Cuboids\Difference_Volumes_of_Cuboids.csproj", "{5FE4CFC4-1E1F-4CD8-92BE-15D7D3389E77}"
EndProject
Project("{FAE04EC0-301F-11D3-BF4B-00C04F79EFBC}") = "DNA_to_RNA_Conversion", "AlgoTraining\CodeWars\8Kyu\DNA_to_RNA_Conversion\DNA_to_RNA_Conversion.csproj", "{BFBC4FBA-08D6-4AAF-B0C8-8B1D75D739FB}"
EndProject
Project("{FAE04EC0-301F-11D3-BF4B-00C04F79EFBC}") = "Filter_out_the_geese", "AlgoTraining\CodeWars\8Kyu\Filter_out_the_geese\Filter_out_the_geese.csproj", "{17CAB907-C5DF-4EC9-9669-A785967D5B02}"
EndProject
Project("{FAE04EC0-301F-11D3-BF4B-00C04F79EFBC}") = "Find_the_Remainder", "AlgoTraining\CodeWars\8Kyu\Find_the_Remainder\Find_the_Remainder.csproj", "{F930E7DE-95B8-4E52-9150-3C0CE1E057B7}"
EndProject
Project("{FAE04EC0-301F-11D3-BF4B-00C04F79EFBC}") = "I_love_you__a_little___a_lot__passionately___not_at_all", "AlgoTraining\CodeWars\8Kyu\I_love_you__a_little___a_lot__passionately___not_at_all\I_love_you__a_little___a_lot__passionately___not_at_all.csproj", "{7B6CA24E-010D-4F10-B391-7D58AEE94A90}"
EndProject
Project("{FAE04EC0-301F-11D3-BF4B-00C04F79EFBC}") = "Is He Gonna Survive", "AlgoTraining\CodeWars\8Kyu\Is He Gonna Survive\Is He Gonna Survive.csproj", "{558198E2-006B-4D85-968B-9DC93E142AC5}"
EndProject
Project("{FAE04EC0-301F-11D3-BF4B-00C04F79EFBC}") = "Keep_up_the_hoop", "AlgoTraining\CodeWars\8Kyu\Keep_up_the_hoop\Keep_up_the_hoop.csproj", "{6FED69E6-8598-4063-915A-F1C72D27A372}"
EndProject
Global
	GlobalSection(SolutionConfigurationPlatforms) = preSolution
		Debug|Any CPU = Debug|Any CPU
		Release|Any CPU = Release|Any CPU
	EndGlobalSection
	GlobalSection(ProjectConfigurationPlatforms) = postSolution
		{8C55CB22-4CE8-4FE7-80A7-09CEB7BB5F67}.Debug|Any CPU.ActiveCfg = Debug|Any CPU
		{8C55CB22-4CE8-4FE7-80A7-09CEB7BB5F67}.Debug|Any CPU.Build.0 = Debug|Any CPU
		{8C55CB22-4CE8-4FE7-80A7-09CEB7BB5F67}.Release|Any CPU.ActiveCfg = Release|Any CPU
		{8C55CB22-4CE8-4FE7-80A7-09CEB7BB5F67}.Release|Any CPU.Build.0 = Release|Any CPU
		{66A8801E-EF17-47BF-8441-ADC085AF64AB}.Debug|Any CPU.ActiveCfg = Debug|Any CPU
		{66A8801E-EF17-47BF-8441-ADC085AF64AB}.Debug|Any CPU.Build.0 = Debug|Any CPU
		{66A8801E-EF17-47BF-8441-ADC085AF64AB}.Release|Any CPU.ActiveCfg = Release|Any CPU
		{66A8801E-EF17-47BF-8441-ADC085AF64AB}.Release|Any CPU.Build.0 = Release|Any CPU
		{085ACF75-D110-4A60-87BB-8C75A44D00A3}.Debug|Any CPU.ActiveCfg = Debug|Any CPU
		{085ACF75-D110-4A60-87BB-8C75A44D00A3}.Debug|Any CPU.Build.0 = Debug|Any CPU
		{085ACF75-D110-4A60-87BB-8C75A44D00A3}.Release|Any CPU.ActiveCfg = Release|Any CPU
		{085ACF75-D110-4A60-87BB-8C75A44D00A3}.Release|Any CPU.Build.0 = Release|Any CPU
		{499E0559-F165-438B-ABD8-07451272CB14}.Debug|Any CPU.ActiveCfg = Debug|Any CPU
		{499E0559-F165-438B-ABD8-07451272CB14}.Debug|Any CPU.Build.0 = Debug|Any CPU
		{499E0559-F165-438B-ABD8-07451272CB14}.Release|Any CPU.ActiveCfg = Release|Any CPU
		{499E0559-F165-438B-ABD8-07451272CB14}.Release|Any CPU.Build.0 = Release|Any CPU
		{43EC6A45-1B5C-4D8E-A43D-978F4A19665C}.Debug|Any CPU.ActiveCfg = Debug|Any CPU
		{43EC6A45-1B5C-4D8E-A43D-978F4A19665C}.Debug|Any CPU.Build.0 = Debug|Any CPU
		{43EC6A45-1B5C-4D8E-A43D-978F4A19665C}.Release|Any CPU.ActiveCfg = Release|Any CPU
		{43EC6A45-1B5C-4D8E-A43D-978F4A19665C}.Release|Any CPU.Build.0 = Release|Any CPU
		{5FE4CFC4-1E1F-4CD8-92BE-15D7D3389E77}.Debug|Any CPU.ActiveCfg = Debug|Any CPU
		{5FE4CFC4-1E1F-4CD8-92BE-15D7D3389E77}.Debug|Any CPU.Build.0 = Debug|Any CPU
		{5FE4CFC4-1E1F-4CD8-92BE-15D7D3389E77}.Release|Any CPU.ActiveCfg = Release|Any CPU
		{5FE4CFC4-1E1F-4CD8-92BE-15D7D3389E77}.Release|Any CPU.Build.0 = Release|Any CPU
		{BFBC4FBA-08D6-4AAF-B0C8-8B1D75D739FB}.Debug|Any CPU.ActiveCfg = Debug|Any CPU
		{BFBC4FBA-08D6-4AAF-B0C8-8B1D75D739FB}.Debug|Any CPU.Build.0 = Debug|Any CPU
		{BFBC4FBA-08D6-4AAF-B0C8-8B1D75D739FB}.Release|Any CPU.ActiveCfg = Release|Any CPU
		{BFBC4FBA-08D6-4AAF-B0C8-8B1D75D739FB}.Release|Any CPU.Build.0 = Release|Any CPU
		{17CAB907-C5DF-4EC9-9669-A785967D5B02}.Debug|Any CPU.ActiveCfg = Debug|Any CPU
		{17CAB907-C5DF-4EC9-9669-A785967D5B02}.Debug|Any CPU.Build.0 = Debug|Any CPU
		{17CAB907-C5DF-4EC9-9669-A785967D5B02}.Release|Any CPU.ActiveCfg = Release|Any CPU
		{17CAB907-C5DF-4EC9-9669-A785967D5B02}.Release|Any CPU.Build.0 = Release|Any CPU
		{F930E7DE-95B8-4E52-9150-3C0CE1E057B7}.Debug|Any CPU.ActiveCfg = Debug|Any CPU
		{F930E7DE-95B8-4E52-9150-3C0CE1E057B7}.Debug|Any CPU.Build.0 = Debug|Any CPU
		{F930E7DE-95B8-4E52-9150-3C0CE1E057B7}.Release|Any CPU.ActiveCfg = Release|Any CPU
		{F930E7DE-95B8-4E52-9150-3C0CE1E057B7}.Release|Any CPU.Build.0 = Release|Any CPU
		{7B6CA24E-010D-4F10-B391-7D58AEE94A90}.Debug|Any CPU.ActiveCfg = Debug|Any CPU
		{7B6CA24E-010D-4F10-B391-7D58AEE94A90}.Debug|Any CPU.Build.0 = Debug|Any CPU
		{7B6CA24E-010D-4F10-B391-7D58AEE94A90}.Release|Any CPU.ActiveCfg = Release|Any CPU
		{7B6CA24E-010D-4F10-B391-7D58AEE94A90}.Release|Any CPU.Build.0 = Release|Any CPU
		{558198E2-006B-4D85-968B-9DC93E142AC5}.Debug|Any CPU.ActiveCfg = Debug|Any CPU
		{558198E2-006B-4D85-968B-9DC93E142AC5}.Debug|Any CPU.Build.0 = Debug|Any CPU
		{558198E2-006B-4D85-968B-9DC93E142AC5}.Release|Any CPU.ActiveCfg = Release|Any CPU
		{558198E2-006B-4D85-968B-9DC93E142AC5}.Release|Any CPU.Build.0 = Release|Any CPU
		{6FED69E6-8598-4063-915A-F1C72D27A372}.Debug|Any CPU.ActiveCfg = Debug|Any CPU
		{6FED69E6-8598-4063-915A-F1C72D27A372}.Debug|Any CPU.Build.0 = Debug|Any CPU
		{6FED69E6-8598-4063-915A-F1C72D27A372}.Release|Any CPU.ActiveCfg = Release|Any CPU
		{6FED69E6-8598-4063-915A-F1C72D27A372}.Release|Any CPU.Build.0 = Release|Any CPU
	EndGlobalSection
	GlobalSection(SolutionProperties) = preSolution
		HideSolutionNode = FALSE
	EndGlobalSection
	GlobalSection(NestedProjects) = preSolution
		{D574F350-2C96-4536-BAEF-6FA198DABB28} = {3B86EB59-4B1C-4218-81AA-2EFBCB52A5EC}
		{EA091FB7-DD11-48E6-BABA-CE9421A06B9E} = {3B86EB59-4B1C-4218-81AA-2EFBCB52A5EC}
		{8C55CB22-4CE8-4FE7-80A7-09CEB7BB5F67} = {D574F350-2C96-4536-BAEF-6FA198DABB28}
		{66A8801E-EF17-47BF-8441-ADC085AF64AB} = {EA091FB7-DD11-48E6-BABA-CE9421A06B9E}
		{085ACF75-D110-4A60-87BB-8C75A44D00A3} = {D574F350-2C96-4536-BAEF-6FA198DABB28}
		{0CBE92E9-5762-45F3-B6FB-F0CB20C9527B} = {26DA9FAF-657A-40C9-8711-3614AE57A4E3}
		{E5C55B3F-4EBB-4247-8EC9-C64DDC51AF49} = {26DA9FAF-657A-40C9-8711-3614AE57A4E3}
		{7B997C51-DFA6-4BE4-B5D9-541330EF4B3B} = {26DA9FAF-657A-40C9-8711-3614AE57A4E3}
		{499E0559-F165-438B-ABD8-07451272CB14} = {0CBE92E9-5762-45F3-B6FB-F0CB20C9527B}
		{43EC6A45-1B5C-4D8E-A43D-978F4A19665C} = {E5C55B3F-4EBB-4247-8EC9-C64DDC51AF49}
		{5FE4CFC4-1E1F-4CD8-92BE-15D7D3389E77} = {0CBE92E9-5762-45F3-B6FB-F0CB20C9527B}
		{BFBC4FBA-08D6-4AAF-B0C8-8B1D75D739FB} = {0CBE92E9-5762-45F3-B6FB-F0CB20C9527B}
		{17CAB907-C5DF-4EC9-9669-A785967D5B02} = {0CBE92E9-5762-45F3-B6FB-F0CB20C9527B}
		{F930E7DE-95B8-4E52-9150-3C0CE1E057B7} = {0CBE92E9-5762-45F3-B6FB-F0CB20C9527B}
		{7B6CA24E-010D-4F10-B391-7D58AEE94A90} = {0CBE92E9-5762-45F3-B6FB-F0CB20C9527B}
		{558198E2-006B-4D85-968B-9DC93E142AC5} = {0CBE92E9-5762-45F3-B6FB-F0CB20C9527B}
		{6FED69E6-8598-4063-915A-F1C72D27A372} = {0CBE92E9-5762-45F3-B6FB-F0CB20C9527B}
	EndGlobalSection
	GlobalSection(ExtensibilityGlobals) = postSolution
		SolutionGuid = {BEC26753-82CD-48F6-8702-CC833E2801E6}
	EndGlobalSection
EndGlobal
